
Microsoft Visual Studio Solution File, Format Version 12.00
# Visual Studio Version 16
VisualStudioVersion = 16.0.32002.261
MinimumVisualStudioVersion = 10.0.40219.1
Project("{FAE04EC0-301F-11D3-BF4B-00C04F79EFBC}") = "ExercicioFixacao13", "ExercicioFixacao13\ExercicioFixacao13.csproj", "{14CFED8F-0156-4938-B4AE-21B2CA0302ED}"
EndProject
Global
	GlobalSection(SolutionConfigurationPlatforms) = preSolution
		Debug|Any CPU = Debug|Any CPU
		Release|Any CPU = Release|Any CPU
	EndGlobalSection
	GlobalSection(ProjectConfigurationPlatforms) = postSolution
		{14CFED8F-0156-4938-B4AE-21B2CA0302ED}.Debug|Any CPU.ActiveCfg = Debug|Any CPU
		{14CFED8F-0156-4938-B4AE-21B2CA0302ED}.Debug|Any CPU.Build.0 = Debug|Any CPU
		{14CFED8F-0156-4938-B4AE-21B2CA0302ED}.Release|Any CPU.ActiveCfg = Release|Any CPU
		{14CFED8F-0156-4938-B4AE-21B2CA0302ED}.Release|Any CPU.Build.0 = Release|Any CPU
	EndGlobalSection
	GlobalSection(SolutionProperties) = preSolution
		HideSolutionNode = FALSE
	EndGlobalSection
	GlobalSection(ExtensibilityGlobals) = postSolution
		SolutionGuid = {5EB7F59E-3AF3-4B49-ADFE-5B0CE9E11164}
	EndGlobalSection
EndGlobal
