
Microsoft Visual Studio Solution File, Format Version 12.00
# Visual Studio Version 16
VisualStudioVersion = 16.0.32002.261
MinimumVisualStudioVersion = 10.0.40219.1
Project("{FAE04EC0-301F-11D3-BF4B-00C04F79EFBC}") = "ExercicioResolvido1", "ExercicioResolvido1\ExercicioResolvido1.csproj", "{1CB122C9-DCC2-4767-88E2-FD53569A4071}"
EndProject
Global
	GlobalSection(SolutionConfigurationPlatforms) = preSolution
		Debug|Any CPU = Debug|Any CPU
		Release|Any CPU = Release|Any CPU
	EndGlobalSection
	GlobalSection(ProjectConfigurationPlatforms) = postSolution
		{1CB122C9-DCC2-4767-88E2-FD53569A4071}.Debug|Any CPU.ActiveCfg = Debug|Any CPU
		{1CB122C9-DCC2-4767-88E2-FD53569A4071}.Debug|Any CPU.Build.0 = Debug|Any CPU
		{1CB122C9-DCC2-4767-88E2-FD53569A4071}.Release|Any CPU.ActiveCfg = Release|Any CPU
		{1CB122C9-DCC2-4767-88E2-FD53569A4071}.Release|Any CPU.Build.0 = Release|Any CPU
	EndGlobalSection
	GlobalSection(SolutionProperties) = preSolution
		HideSolutionNode = FALSE
	EndGlobalSection
	GlobalSection(ExtensibilityGlobals) = postSolution
		SolutionGuid = {B6FCC985-B03C-4ABC-BE5F-84CFA6531344}
	EndGlobalSection
EndGlobal
